
Microsoft Visual Studio Solution File, Format Version 12.00
# Visual Studio Version 17
VisualStudioVersion = 17.6.33815.320
MinimumVisualStudioVersion = 10.0.40219.1
Project("{FAE04EC0-301F-11D3-BF4B-00C04F79EFBC}") = "Web.Startup.Example", "Web.Startup.Example\Web.Startup.Example.csproj", "{A2B5CB3E-FFE4-4D5E-8DD9-E042FBF8C9CE}"
EndProject
Global
	GlobalSection(SolutionConfigurationPlatforms) = preSolution
		Debug|Any CPU = Debug|Any CPU
		Release|Any CPU = Release|Any CPU
	EndGlobalSection
	GlobalSection(ProjectConfigurationPlatforms) = postSolution
		{A2B5CB3E-FFE4-4D5E-8DD9-E042FBF8C9CE}.Debug|Any CPU.ActiveCfg = Debug|Any CPU
		{A2B5CB3E-FFE4-4D5E-8DD9-E042FBF8C9CE}.Debug|Any CPU.Build.0 = Debug|Any CPU
		{A2B5CB3E-FFE4-4D5E-8DD9-E042FBF8C9CE}.Release|Any CPU.ActiveCfg = Release|Any CPU
		{A2B5CB3E-FFE4-4D5E-8DD9-E042FBF8C9CE}.Release|Any CPU.Build.0 = Release|Any CPU
	EndGlobalSection
	GlobalSection(SolutionProperties) = preSolution
		HideSolutionNode = FALSE
	EndGlobalSection
	GlobalSection(ExtensibilityGlobals) = postSolution
		SolutionGuid = {020CE013-5425-4E19-BD8B-FBA7610DE167}
	EndGlobalSection
EndGlobal
