
Microsoft Visual Studio Solution File, Format Version 12.00
# Visual Studio Version 17
VisualStudioVersion = 17.6.33815.320
MinimumVisualStudioVersion = 10.0.40219.1
Project("{9A19103F-16F7-4668-BE54-9A1E7A4F7556}") = "Api.Startup.Example", "Api\Api.Startup.Example\Api.Startup.Example.csproj", "{6F222F3D-FC24-45E6-9538-81537CBFD418}"
EndProject
Project("{9A19103F-16F7-4668-BE54-9A1E7A4F7556}") = "Blazor.Startup.Example", "Blazor\Blazor.Startup.Example\Blazor.Startup.Example.csproj", "{A14E46A1-136B-4529-BD3B-D4B84F15E58C}"
EndProject
Project("{9A19103F-16F7-4668-BE54-9A1E7A4F7556}") = "Console.Startup.Example", "Console\Console.Startup.Example\Console.Startup.Example.csproj", "{60545D6A-D44E-4816-BA10-FC55EA01D07E}"
EndProject
Project("{9A19103F-16F7-4668-BE54-9A1E7A4F7556}") = "Web.Startup.Example", "Web\Web.Startup.Example\Web.Startup.Example.csproj", "{2113EAC2-F536-463A-AFB4-0D9C3C916385}"
EndProject
Project("{00D1A9C2-B5F0-4AF3-8072-F6C62B433612}") = "Database.Example", "StartupExample\Database.Example.sqlproj", "{14A007F4-DA3C-495D-B5CB-5C246645AEEA}"
EndProject
Project("{2150E333-8FDC-42A3-9474-1A3956D46DE8}") = "Solution Items", "Solution Items", "{D64886AA-81B7-42D8-B504-65AE075AB9F2}"
	ProjectSection(SolutionItems) = preProject
		..\.editorconfig = ..\.editorconfig
		..\Dev_Setup.ps1 = ..\Dev_Setup.ps1
		..\README.md = ..\README.md
	EndProjectSection
EndProject
Project("{9A19103F-16F7-4668-BE54-9A1E7A4F7556}") = "Startup.Data", "Startup.Data\Startup.Data.csproj", "{C3F28CE3-C1F4-4C60-B568-B8C210008AF6}"
EndProject
Project("{2150E333-8FDC-42A3-9474-1A3956D46DE8}") = "Runtime", "Runtime", "{D64A0A57-74BC-454A-8BEA-1AF2472FBD39}"
	ProjectSection(SolutionItems) = preProject
		..\Start_Docker_Containers.ps1 = ..\Start_Docker_Containers.ps1
		..\Start_StartupExample_Api.ps1 = ..\Start_StartupExample_Api.ps1
		..\Start_StartupExample_Blazor.ps1 = ..\Start_StartupExample_Blazor.ps1
		..\Start_StartupExample_Web.ps1 = ..\Start_StartupExample_Web.ps1
		..\Stop_Docker_Containers.ps1 = ..\Stop_Docker_Containers.ps1
		..\Stop_StartupExample_Api.ps1 = ..\Stop_StartupExample_Api.ps1
		..\Stop_StartupExample_Blazor.ps1 = ..\Stop_StartupExample_Blazor.ps1
		..\Stop_StartupExample_Web.ps1 = ..\Stop_StartupExample_Web.ps1
	EndProjectSection
EndProject
Project("{2150E333-8FDC-42A3-9474-1A3956D46DE8}") = "Applications", "Applications", "{AA486938-F915-4F6A-8A1E-495A01A57EDA}"
EndProject
Project("{2150E333-8FDC-42A3-9474-1A3956D46DE8}") = "Libraries", "Libraries", "{B26BDC9A-F29D-4B51-A0BE-873F10EF87C0}"
EndProject
Project("{2150E333-8FDC-42A3-9474-1A3956D46DE8}") = "Database", "Database", "{791C9D71-5892-4DA1-9D7A-6A29F70D1D0C}"
EndProject
Project("{9A19103F-16F7-4668-BE54-9A1E7A4F7556}") = "Startup.Common", "Startup.Common\Startup.Common.csproj", "{8B4B2477-4FD2-4AD6-ABA6-1B02061B5553}"
EndProject
Project("{9A19103F-16F7-4668-BE54-9A1E7A4F7556}") = "Startup.Client", "Startup.Client\Startup.Client.csproj", "{D99A8175-7EE2-4680-A527-CC31A977F68E}"
EndProject
Project("{FAE04EC0-301F-11D3-BF4B-00C04F79EFBC}") = "Startup.Business", "Startup.Business\Startup.Business.csproj", "{C18EE473-F2E6-4C1D-B07E-5C22E37C09DA}"
EndProject
Global
	GlobalSection(SolutionConfigurationPlatforms) = preSolution
		Debug|Any CPU = Debug|Any CPU
		Development|Any CPU = Development|Any CPU
		Production|Any CPU = Production|Any CPU
		Release|Any CPU = Release|Any CPU
		Staging|Any CPU = Staging|Any CPU
	EndGlobalSection
	GlobalSection(ProjectConfigurationPlatforms) = postSolution
		{6F222F3D-FC24-45E6-9538-81537CBFD418}.Debug|Any CPU.ActiveCfg = Debug|Any CPU
		{6F222F3D-FC24-45E6-9538-81537CBFD418}.Debug|Any CPU.Build.0 = Debug|Any CPU
		{6F222F3D-FC24-45E6-9538-81537CBFD418}.Development|Any CPU.ActiveCfg = Development|Any CPU
		{6F222F3D-FC24-45E6-9538-81537CBFD418}.Development|Any CPU.Build.0 = Development|Any CPU
		{6F222F3D-FC24-45E6-9538-81537CBFD418}.Production|Any CPU.ActiveCfg = Production|Any CPU
		{6F222F3D-FC24-45E6-9538-81537CBFD418}.Production|Any CPU.Build.0 = Production|Any CPU
		{6F222F3D-FC24-45E6-9538-81537CBFD418}.Release|Any CPU.ActiveCfg = Release|Any CPU
		{6F222F3D-FC24-45E6-9538-81537CBFD418}.Release|Any CPU.Build.0 = Release|Any CPU
		{6F222F3D-FC24-45E6-9538-81537CBFD418}.Staging|Any CPU.ActiveCfg = Staging|Any CPU
		{6F222F3D-FC24-45E6-9538-81537CBFD418}.Staging|Any CPU.Build.0 = Staging|Any CPU
		{A14E46A1-136B-4529-BD3B-D4B84F15E58C}.Debug|Any CPU.ActiveCfg = Debug|Any CPU
		{A14E46A1-136B-4529-BD3B-D4B84F15E58C}.Debug|Any CPU.Build.0 = Debug|Any CPU
		{A14E46A1-136B-4529-BD3B-D4B84F15E58C}.Development|Any CPU.ActiveCfg = Development|Any CPU
		{A14E46A1-136B-4529-BD3B-D4B84F15E58C}.Development|Any CPU.Build.0 = Development|Any CPU
		{A14E46A1-136B-4529-BD3B-D4B84F15E58C}.Production|Any CPU.ActiveCfg = Production|Any CPU
		{A14E46A1-136B-4529-BD3B-D4B84F15E58C}.Production|Any CPU.Build.0 = Production|Any CPU
		{A14E46A1-136B-4529-BD3B-D4B84F15E58C}.Release|Any CPU.ActiveCfg = Release|Any CPU
		{A14E46A1-136B-4529-BD3B-D4B84F15E58C}.Release|Any CPU.Build.0 = Release|Any CPU
		{A14E46A1-136B-4529-BD3B-D4B84F15E58C}.Staging|Any CPU.ActiveCfg = Staging|Any CPU
		{A14E46A1-136B-4529-BD3B-D4B84F15E58C}.Staging|Any CPU.Build.0 = Staging|Any CPU
		{60545D6A-D44E-4816-BA10-FC55EA01D07E}.Debug|Any CPU.ActiveCfg = Debug|Any CPU
		{60545D6A-D44E-4816-BA10-FC55EA01D07E}.Debug|Any CPU.Build.0 = Debug|Any CPU
		{60545D6A-D44E-4816-BA10-FC55EA01D07E}.Development|Any CPU.ActiveCfg = Development|Any CPU
		{60545D6A-D44E-4816-BA10-FC55EA01D07E}.Development|Any CPU.Build.0 = Development|Any CPU
		{60545D6A-D44E-4816-BA10-FC55EA01D07E}.Production|Any CPU.ActiveCfg = Production|Any CPU
		{60545D6A-D44E-4816-BA10-FC55EA01D07E}.Production|Any CPU.Build.0 = Production|Any CPU
		{60545D6A-D44E-4816-BA10-FC55EA01D07E}.Release|Any CPU.ActiveCfg = Release|Any CPU
		{60545D6A-D44E-4816-BA10-FC55EA01D07E}.Release|Any CPU.Build.0 = Release|Any CPU
		{60545D6A-D44E-4816-BA10-FC55EA01D07E}.Staging|Any CPU.ActiveCfg = Staging|Any CPU
		{60545D6A-D44E-4816-BA10-FC55EA01D07E}.Staging|Any CPU.Build.0 = Staging|Any CPU
		{2113EAC2-F536-463A-AFB4-0D9C3C916385}.Debug|Any CPU.ActiveCfg = Debug|Any CPU
		{2113EAC2-F536-463A-AFB4-0D9C3C916385}.Debug|Any CPU.Build.0 = Debug|Any CPU
		{2113EAC2-F536-463A-AFB4-0D9C3C916385}.Development|Any CPU.ActiveCfg = Development|Any CPU
		{2113EAC2-F536-463A-AFB4-0D9C3C916385}.Development|Any CPU.Build.0 = Development|Any CPU
		{2113EAC2-F536-463A-AFB4-0D9C3C916385}.Production|Any CPU.ActiveCfg = Production|Any CPU
		{2113EAC2-F536-463A-AFB4-0D9C3C916385}.Production|Any CPU.Build.0 = Production|Any CPU
		{2113EAC2-F536-463A-AFB4-0D9C3C916385}.Release|Any CPU.ActiveCfg = Release|Any CPU
		{2113EAC2-F536-463A-AFB4-0D9C3C916385}.Release|Any CPU.Build.0 = Release|Any CPU
		{2113EAC2-F536-463A-AFB4-0D9C3C916385}.Staging|Any CPU.ActiveCfg = Staging|Any CPU
		{2113EAC2-F536-463A-AFB4-0D9C3C916385}.Staging|Any CPU.Build.0 = Staging|Any CPU
		{14A007F4-DA3C-495D-B5CB-5C246645AEEA}.Debug|Any CPU.ActiveCfg = Debug|Any CPU
		{14A007F4-DA3C-495D-B5CB-5C246645AEEA}.Debug|Any CPU.Build.0 = Debug|Any CPU
		{14A007F4-DA3C-495D-B5CB-5C246645AEEA}.Debug|Any CPU.Deploy.0 = Debug|Any CPU
		{14A007F4-DA3C-495D-B5CB-5C246645AEEA}.Development|Any CPU.ActiveCfg = Development|Any CPU
		{14A007F4-DA3C-495D-B5CB-5C246645AEEA}.Development|Any CPU.Build.0 = Development|Any CPU
		{14A007F4-DA3C-495D-B5CB-5C246645AEEA}.Development|Any CPU.Deploy.0 = Development|Any CPU
		{14A007F4-DA3C-495D-B5CB-5C246645AEEA}.Production|Any CPU.ActiveCfg = Production|Any CPU
		{14A007F4-DA3C-495D-B5CB-5C246645AEEA}.Production|Any CPU.Build.0 = Production|Any CPU
		{14A007F4-DA3C-495D-B5CB-5C246645AEEA}.Production|Any CPU.Deploy.0 = Production|Any CPU
		{14A007F4-DA3C-495D-B5CB-5C246645AEEA}.Release|Any CPU.ActiveCfg = Release|Any CPU
		{14A007F4-DA3C-495D-B5CB-5C246645AEEA}.Release|Any CPU.Build.0 = Release|Any CPU
		{14A007F4-DA3C-495D-B5CB-5C246645AEEA}.Release|Any CPU.Deploy.0 = Release|Any CPU
		{14A007F4-DA3C-495D-B5CB-5C246645AEEA}.Staging|Any CPU.ActiveCfg = Staging|Any CPU
		{14A007F4-DA3C-495D-B5CB-5C246645AEEA}.Staging|Any CPU.Build.0 = Staging|Any CPU
		{14A007F4-DA3C-495D-B5CB-5C246645AEEA}.Staging|Any CPU.Deploy.0 = Staging|Any CPU
		{C3F28CE3-C1F4-4C60-B568-B8C210008AF6}.Debug|Any CPU.ActiveCfg = Debug|Any CPU
		{C3F28CE3-C1F4-4C60-B568-B8C210008AF6}.Debug|Any CPU.Build.0 = Debug|Any CPU
		{C3F28CE3-C1F4-4C60-B568-B8C210008AF6}.Development|Any CPU.ActiveCfg = Development|Any CPU
		{C3F28CE3-C1F4-4C60-B568-B8C210008AF6}.Development|Any CPU.Build.0 = Development|Any CPU
		{C3F28CE3-C1F4-4C60-B568-B8C210008AF6}.Production|Any CPU.ActiveCfg = Production|Any CPU
		{C3F28CE3-C1F4-4C60-B568-B8C210008AF6}.Production|Any CPU.Build.0 = Production|Any CPU
		{C3F28CE3-C1F4-4C60-B568-B8C210008AF6}.Release|Any CPU.ActiveCfg = Release|Any CPU
		{C3F28CE3-C1F4-4C60-B568-B8C210008AF6}.Release|Any CPU.Build.0 = Release|Any CPU
		{C3F28CE3-C1F4-4C60-B568-B8C210008AF6}.Staging|Any CPU.ActiveCfg = Staging|Any CPU
		{C3F28CE3-C1F4-4C60-B568-B8C210008AF6}.Staging|Any CPU.Build.0 = Staging|Any CPU
		{8B4B2477-4FD2-4AD6-ABA6-1B02061B5553}.Debug|Any CPU.ActiveCfg = Debug|Any CPU
		{8B4B2477-4FD2-4AD6-ABA6-1B02061B5553}.Debug|Any CPU.Build.0 = Debug|Any CPU
		{8B4B2477-4FD2-4AD6-ABA6-1B02061B5553}.Development|Any CPU.ActiveCfg = Development|Any CPU
		{8B4B2477-4FD2-4AD6-ABA6-1B02061B5553}.Development|Any CPU.Build.0 = Development|Any CPU
		{8B4B2477-4FD2-4AD6-ABA6-1B02061B5553}.Production|Any CPU.ActiveCfg = Production|Any CPU
		{8B4B2477-4FD2-4AD6-ABA6-1B02061B5553}.Production|Any CPU.Build.0 = Production|Any CPU
		{8B4B2477-4FD2-4AD6-ABA6-1B02061B5553}.Release|Any CPU.ActiveCfg = Release|Any CPU
		{8B4B2477-4FD2-4AD6-ABA6-1B02061B5553}.Release|Any CPU.Build.0 = Release|Any CPU
		{8B4B2477-4FD2-4AD6-ABA6-1B02061B5553}.Staging|Any CPU.ActiveCfg = Staging|Any CPU
		{8B4B2477-4FD2-4AD6-ABA6-1B02061B5553}.Staging|Any CPU.Build.0 = Staging|Any CPU
		{D99A8175-7EE2-4680-A527-CC31A977F68E}.Debug|Any CPU.ActiveCfg = Debug|Any CPU
		{D99A8175-7EE2-4680-A527-CC31A977F68E}.Debug|Any CPU.Build.0 = Debug|Any CPU
		{D99A8175-7EE2-4680-A527-CC31A977F68E}.Development|Any CPU.ActiveCfg = Development|Any CPU
		{D99A8175-7EE2-4680-A527-CC31A977F68E}.Development|Any CPU.Build.0 = Development|Any CPU
		{D99A8175-7EE2-4680-A527-CC31A977F68E}.Production|Any CPU.ActiveCfg = Production|Any CPU
		{D99A8175-7EE2-4680-A527-CC31A977F68E}.Production|Any CPU.Build.0 = Production|Any CPU
		{D99A8175-7EE2-4680-A527-CC31A977F68E}.Release|Any CPU.ActiveCfg = Release|Any CPU
		{D99A8175-7EE2-4680-A527-CC31A977F68E}.Release|Any CPU.Build.0 = Release|Any CPU
		{D99A8175-7EE2-4680-A527-CC31A977F68E}.Staging|Any CPU.ActiveCfg = Staging|Any CPU
		{D99A8175-7EE2-4680-A527-CC31A977F68E}.Staging|Any CPU.Build.0 = Staging|Any CPU
		{C18EE473-F2E6-4C1D-B07E-5C22E37C09DA}.Debug|Any CPU.ActiveCfg = Debug|Any CPU
		{C18EE473-F2E6-4C1D-B07E-5C22E37C09DA}.Debug|Any CPU.Build.0 = Debug|Any CPU
		{C18EE473-F2E6-4C1D-B07E-5C22E37C09DA}.Development|Any CPU.ActiveCfg = Development|Any CPU
		{C18EE473-F2E6-4C1D-B07E-5C22E37C09DA}.Development|Any CPU.Build.0 = Development|Any CPU
		{C18EE473-F2E6-4C1D-B07E-5C22E37C09DA}.Production|Any CPU.ActiveCfg = Production|Any CPU
		{C18EE473-F2E6-4C1D-B07E-5C22E37C09DA}.Production|Any CPU.Build.0 = Production|Any CPU
		{C18EE473-F2E6-4C1D-B07E-5C22E37C09DA}.Release|Any CPU.ActiveCfg = Release|Any CPU
		{C18EE473-F2E6-4C1D-B07E-5C22E37C09DA}.Release|Any CPU.Build.0 = Release|Any CPU
		{C18EE473-F2E6-4C1D-B07E-5C22E37C09DA}.Staging|Any CPU.ActiveCfg = Staging|Any CPU
		{C18EE473-F2E6-4C1D-B07E-5C22E37C09DA}.Staging|Any CPU.Build.0 = Staging|Any CPU
	EndGlobalSection
	GlobalSection(SolutionProperties) = preSolution
		HideSolutionNode = FALSE
	EndGlobalSection
	GlobalSection(NestedProjects) = preSolution
		{6F222F3D-FC24-45E6-9538-81537CBFD418} = {AA486938-F915-4F6A-8A1E-495A01A57EDA}
		{A14E46A1-136B-4529-BD3B-D4B84F15E58C} = {AA486938-F915-4F6A-8A1E-495A01A57EDA}
		{60545D6A-D44E-4816-BA10-FC55EA01D07E} = {AA486938-F915-4F6A-8A1E-495A01A57EDA}
		{2113EAC2-F536-463A-AFB4-0D9C3C916385} = {AA486938-F915-4F6A-8A1E-495A01A57EDA}
		{14A007F4-DA3C-495D-B5CB-5C246645AEEA} = {791C9D71-5892-4DA1-9D7A-6A29F70D1D0C}
		{C3F28CE3-C1F4-4C60-B568-B8C210008AF6} = {B26BDC9A-F29D-4B51-A0BE-873F10EF87C0}
		{D64A0A57-74BC-454A-8BEA-1AF2472FBD39} = {D64886AA-81B7-42D8-B504-65AE075AB9F2}
		{8B4B2477-4FD2-4AD6-ABA6-1B02061B5553} = {B26BDC9A-F29D-4B51-A0BE-873F10EF87C0}
		{D99A8175-7EE2-4680-A527-CC31A977F68E} = {B26BDC9A-F29D-4B51-A0BE-873F10EF87C0}
		{C18EE473-F2E6-4C1D-B07E-5C22E37C09DA} = {B26BDC9A-F29D-4B51-A0BE-873F10EF87C0}
	EndGlobalSection
	GlobalSection(ExtensibilityGlobals) = postSolution
		SolutionGuid = {54A5C23D-0AD5-4407-AE9A-FE3B79B19215}
	EndGlobalSection
EndGlobal
