
Microsoft Visual Studio Solution File, Format Version 12.00
# Visual Studio Version 17
VisualStudioVersion = 17.6.33815.320
MinimumVisualStudioVersion = 10.0.40219.1
Project("{FAE04EC0-301F-11D3-BF4B-00C04F79EFBC}") = "Console.Startup.Example", "Console.Startup.Example\Console.Startup.Example.csproj", "{A715FE99-9278-4B3E-AA7D-D84C86EF3636}"
EndProject
Global
	GlobalSection(SolutionConfigurationPlatforms) = preSolution
		Debug|Any CPU = Debug|Any CPU
		Release|Any CPU = Release|Any CPU
	EndGlobalSection
	GlobalSection(ProjectConfigurationPlatforms) = postSolution
		{A715FE99-9278-4B3E-AA7D-D84C86EF3636}.Debug|Any CPU.ActiveCfg = Debug|Any CPU
		{A715FE99-9278-4B3E-AA7D-D84C86EF3636}.Debug|Any CPU.Build.0 = Debug|Any CPU
		{A715FE99-9278-4B3E-AA7D-D84C86EF3636}.Release|Any CPU.ActiveCfg = Release|Any CPU
		{A715FE99-9278-4B3E-AA7D-D84C86EF3636}.Release|Any CPU.Build.0 = Release|Any CPU
	EndGlobalSection
	GlobalSection(SolutionProperties) = preSolution
		HideSolutionNode = FALSE
	EndGlobalSection
	GlobalSection(ExtensibilityGlobals) = postSolution
		SolutionGuid = {15F7684D-B245-40CC-9111-0BF258199ADF}
	EndGlobalSection
EndGlobal
